Microsoft Visual Studio Solution File, Format Version 12.00
# Visual Studio 14
VisualStudioVersion = 14.0.25420.1
MinimumVisualStudioVersion = 10.0.40219.1
Project("{FAE04EC0-301F-11D3-BF4B-00C04F79EFBC}") = "2015-11", "2015-11\2015-11.csproj", "{245CFDD7-A762-4B5E-AF16-A0D0E3516BD4}"
EndProject
Project("{FAE04EC0-301F-11D3-BF4B-00C04F79EFBC}") = "2015-03", "2015-03\2015-03.csproj", "{56076279-F064-4B68-A50C-41016B7A1CCC}"
EndProject
Project("{FAE04EC0-301F-11D3-BF4B-00C04F79EFBC}") = "Launcher", "Launcher\Launcher.csproj", "{BFDEC4A1-A4A9-4AA2-8262-FB5F7B0EC2FC}"
EndProject
Project("{FAE04EC0-301F-11D3-BF4B-00C04F79EFBC}") = "2016-03", "2016-03\2016-03.csproj", "{7B667972-7BD1-4B97-B942-CB2DDBEEE47A}"
EndProject
Project("{FAE04EC0-301F-11D3-BF4B-00C04F79EFBC}") = "2016-11", "2016-11\2016-11.csproj", "{602DDB81-B34F-451C-A20D-C1A948A6AD26}"
EndProject
Global
	GlobalSection(SolutionConfigurationPlatforms) = preSolution
		Debug|Any CPU = Debug|Any CPU
		Release|Any CPU = Release|Any CPU
	EndGlobalSection
	GlobalSection(ProjectConfigurationPlatforms) = postSolution
		{245CFDD7-A762-4B5E-AF16-A0D0E3516BD4}.Debug|Any CPU.ActiveCfg = Debug|Any CPU
		{245CFDD7-A762-4B5E-AF16-A0D0E3516BD4}.Debug|Any CPU.Build.0 = Debug|Any CPU
		{245CFDD7-A762-4B5E-AF16-A0D0E3516BD4}.Release|Any CPU.ActiveCfg = Release|Any CPU
		{245CFDD7-A762-4B5E-AF16-A0D0E3516BD4}.Release|Any CPU.Build.0 = Release|Any CPU
		{56076279-F064-4B68-A50C-41016B7A1CCC}.Debug|Any CPU.ActiveCfg = Debug|Any CPU
		{56076279-F064-4B68-A50C-41016B7A1CCC}.Debug|Any CPU.Build.0 = Debug|Any CPU
		{56076279-F064-4B68-A50C-41016B7A1CCC}.Release|Any CPU.ActiveCfg = Release|Any CPU
		{56076279-F064-4B68-A50C-41016B7A1CCC}.Release|Any CPU.Build.0 = Release|Any CPU
		{BFDEC4A1-A4A9-4AA2-8262-FB5F7B0EC2FC}.Debug|Any CPU.ActiveCfg = Debug|Any CPU
		{BFDEC4A1-A4A9-4AA2-8262-FB5F7B0EC2FC}.Debug|Any CPU.Build.0 = Debug|Any CPU
		{BFDEC4A1-A4A9-4AA2-8262-FB5F7B0EC2FC}.Release|Any CPU.ActiveCfg = Release|Any CPU
		{BFDEC4A1-A4A9-4AA2-8262-FB5F7B0EC2FC}.Release|Any CPU.Build.0 = Release|Any CPU
		{7B667972-7BD1-4B97-B942-CB2DDBEEE47A}.Debug|Any CPU.ActiveCfg = Debug|Any CPU
		{7B667972-7BD1-4B97-B942-CB2DDBEEE47A}.Debug|Any CPU.Build.0 = Debug|Any CPU
		{7B667972-7BD1-4B97-B942-CB2DDBEEE47A}.Release|Any CPU.ActiveCfg = Release|Any CPU
		{7B667972-7BD1-4B97-B942-CB2DDBEEE47A}.Release|Any CPU.Build.0 = Release|Any CPU
		{602DDB81-B34F-451C-A20D-C1A948A6AD26}.Debug|Any CPU.ActiveCfg = Debug|Any CPU
		{602DDB81-B34F-451C-A20D-C1A948A6AD26}.Debug|Any CPU.Build.0 = Debug|Any CPU
		{602DDB81-B34F-451C-A20D-C1A948A6AD26}.Release|Any CPU.ActiveCfg = Release|Any CPU
		{602DDB81-B34F-451C-A20D-C1A948A6AD26}.Release|Any CPU.Build.0 = Release|Any CPU
	EndGlobalSection
	GlobalSection(SolutionProperties) = preSolution
		HideSolutionNode = FALSE
	EndGlobalSection
EndGlobal
