
Microsoft Visual Studio Solution File, Format Version 12.00
# Visual Studio 14
VisualStudioVersion = 14.0.24720.0
MinimumVisualStudioVersion = 10.0.40219.1
Project("{2150E333-8FDC-42A3-9474-1A3956D46DE8}") = "GoogleCodeJam", "GoogleCodeJam", "{7F0B8357-4286-4693-B359-C1B96B396623}"
EndProject
Project("{8BC9CEB8-8B4A-11D0-8D11-00A0C91BC942}") = "GCJ++", "GoogleCodeJam\GCJ++\GCJ++.vcxproj", "{5E29BE9F-AEA5-4D37-90E9-CED98B83B86B}"
EndProject
Project("{FAE04EC0-301F-11D3-BF4B-00C04F79EFBC}") = "GCJ#", "GoogleCodeJam\GCJ#\GCJ#.csproj", "{686E4FB1-A631-45F9-B63A-571AABD1D567}"
EndProject
Project("{2150E333-8FDC-42A3-9474-1A3956D46DE8}") = "CodinGame", "CodinGame", "{40B5ED9C-5BAA-421B-AEB4-93B10AE8B96C}"
EndProject
Project("{8BC9CEB8-8B4A-11D0-8D11-00A0C91BC942}") = "CG", "CodinGame\CG.vcxproj", "{ED5AEABC-5F72-45D4-AC8A-04E1F2643B7F}"
EndProject
Project("{2150E333-8FDC-42A3-9474-1A3956D46DE8}") = "HackerRank", "HackerRank", "{1441F059-1F2E-4738-BD5B-C6A124D2B0DA}"
EndProject
Project("{8BC9CEB8-8B4A-11D0-8D11-00A0C91BC942}") = "HR", "HackerRank\HR.vcxproj", "{3B5999B1-676D-4BFB-9C37-D30F5009E1CC}"
EndProject
Project("{2150E333-8FDC-42A3-9474-1A3956D46DE8}") = "Libraries", "Libraries", "{53F8AA1C-D452-4F4F-A4AA-BCFFE562B093}"
EndProject
Project("{8BC9CEB8-8B4A-11D0-8D11-00A0C91BC942}") = "Maths", "Libraries\Maths\Maths.vcxproj", "{5FC26CB4-94FF-4FDC-A346-FA7A90DA5C5B}"
EndProject
Project("{8BC9CEB8-8B4A-11D0-8D11-00A0C91BC942}") = "Data", "Libraries\Data\Data.vcxproj", "{40FB5B5A-DC39-4D88-AD43-4FD4C89BA76C}"
EndProject
Global
	GlobalSection(SolutionConfigurationPlatforms) = preSolution
		Debug|Any CPU = Debug|Any CPU
		Debug|ARM = Debug|ARM
		Debug|x64 = Debug|x64
		Debug|x86 = Debug|x86
		Release|Any CPU = Release|Any CPU
		Release|ARM = Release|ARM
		Release|x64 = Release|x64
		Release|x86 = Release|x86
	EndGlobalSection
	GlobalSection(ProjectConfigurationPlatforms) = postSolution
		{5E29BE9F-AEA5-4D37-90E9-CED98B83B86B}.Debug|Any CPU.ActiveCfg = Debug|Win32
		{5E29BE9F-AEA5-4D37-90E9-CED98B83B86B}.Debug|ARM.ActiveCfg = Debug|ARM
		{5E29BE9F-AEA5-4D37-90E9-CED98B83B86B}.Debug|ARM.Build.0 = Debug|ARM
		{5E29BE9F-AEA5-4D37-90E9-CED98B83B86B}.Debug|x64.ActiveCfg = Debug|x64
		{5E29BE9F-AEA5-4D37-90E9-CED98B83B86B}.Debug|x64.Build.0 = Debug|x64
		{5E29BE9F-AEA5-4D37-90E9-CED98B83B86B}.Debug|x86.ActiveCfg = Debug|Win32
		{5E29BE9F-AEA5-4D37-90E9-CED98B83B86B}.Debug|x86.Build.0 = Debug|Win32
		{5E29BE9F-AEA5-4D37-90E9-CED98B83B86B}.Release|Any CPU.ActiveCfg = Release|Win32
		{5E29BE9F-AEA5-4D37-90E9-CED98B83B86B}.Release|ARM.ActiveCfg = Release|ARM
		{5E29BE9F-AEA5-4D37-90E9-CED98B83B86B}.Release|ARM.Build.0 = Release|ARM
		{5E29BE9F-AEA5-4D37-90E9-CED98B83B86B}.Release|x64.ActiveCfg = Release|x64
		{5E29BE9F-AEA5-4D37-90E9-CED98B83B86B}.Release|x64.Build.0 = Release|x64
		{5E29BE9F-AEA5-4D37-90E9-CED98B83B86B}.Release|x86.ActiveCfg = Release|Win32
		{5E29BE9F-AEA5-4D37-90E9-CED98B83B86B}.Release|x86.Build.0 = Release|Win32
		{686E4FB1-A631-45F9-B63A-571AABD1D567}.Debug|Any CPU.ActiveCfg = Debug|Any CPU
		{686E4FB1-A631-45F9-B63A-571AABD1D567}.Debug|Any CPU.Build.0 = Debug|Any CPU
		{686E4FB1-A631-45F9-B63A-571AABD1D567}.Debug|ARM.ActiveCfg = Debug|Any CPU
		{686E4FB1-A631-45F9-B63A-571AABD1D567}.Debug|ARM.Build.0 = Debug|Any CPU
		{686E4FB1-A631-45F9-B63A-571AABD1D567}.Debug|x64.ActiveCfg = Debug|Any CPU
		{686E4FB1-A631-45F9-B63A-571AABD1D567}.Debug|x64.Build.0 = Debug|Any CPU
		{686E4FB1-A631-45F9-B63A-571AABD1D567}.Debug|x86.ActiveCfg = Debug|Any CPU
		{686E4FB1-A631-45F9-B63A-571AABD1D567}.Debug|x86.Build.0 = Debug|Any CPU
		{686E4FB1-A631-45F9-B63A-571AABD1D567}.Release|Any CPU.ActiveCfg = Release|Any CPU
		{686E4FB1-A631-45F9-B63A-571AABD1D567}.Release|Any CPU.Build.0 = Release|Any CPU
		{686E4FB1-A631-45F9-B63A-571AABD1D567}.Release|ARM.ActiveCfg = Release|Any CPU
		{686E4FB1-A631-45F9-B63A-571AABD1D567}.Release|ARM.Build.0 = Release|Any CPU
		{686E4FB1-A631-45F9-B63A-571AABD1D567}.Release|x64.ActiveCfg = Release|Any CPU
		{686E4FB1-A631-45F9-B63A-571AABD1D567}.Release|x64.Build.0 = Release|Any CPU
		{686E4FB1-A631-45F9-B63A-571AABD1D567}.Release|x86.ActiveCfg = Release|Any CPU
		{686E4FB1-A631-45F9-B63A-571AABD1D567}.Release|x86.Build.0 = Release|Any CPU
		{ED5AEABC-5F72-45D4-AC8A-04E1F2643B7F}.Debug|Any CPU.ActiveCfg = Debug|Win32
		{ED5AEABC-5F72-45D4-AC8A-04E1F2643B7F}.Debug|ARM.ActiveCfg = Debug|ARM
		{ED5AEABC-5F72-45D4-AC8A-04E1F2643B7F}.Debug|ARM.Build.0 = Debug|ARM
		{ED5AEABC-5F72-45D4-AC8A-04E1F2643B7F}.Debug|x64.ActiveCfg = Debug|x64
		{ED5AEABC-5F72-45D4-AC8A-04E1F2643B7F}.Debug|x64.Build.0 = Debug|x64
		{ED5AEABC-5F72-45D4-AC8A-04E1F2643B7F}.Debug|x86.ActiveCfg = Debug|Win32
		{ED5AEABC-5F72-45D4-AC8A-04E1F2643B7F}.Debug|x86.Build.0 = Debug|Win32
		{ED5AEABC-5F72-45D4-AC8A-04E1F2643B7F}.Release|Any CPU.ActiveCfg = Release|Win32
		{ED5AEABC-5F72-45D4-AC8A-04E1F2643B7F}.Release|ARM.ActiveCfg = Release|ARM
		{ED5AEABC-5F72-45D4-AC8A-04E1F2643B7F}.Release|ARM.Build.0 = Release|ARM
		{ED5AEABC-5F72-45D4-AC8A-04E1F2643B7F}.Release|x64.ActiveCfg = Release|x64
		{ED5AEABC-5F72-45D4-AC8A-04E1F2643B7F}.Release|x64.Build.0 = Release|x64
		{ED5AEABC-5F72-45D4-AC8A-04E1F2643B7F}.Release|x86.ActiveCfg = Release|Win32
		{ED5AEABC-5F72-45D4-AC8A-04E1F2643B7F}.Release|x86.Build.0 = Release|Win32
		{3B5999B1-676D-4BFB-9C37-D30F5009E1CC}.Debug|Any CPU.ActiveCfg = Debug|Win32
		{3B5999B1-676D-4BFB-9C37-D30F5009E1CC}.Debug|ARM.ActiveCfg = Debug|ARM
		{3B5999B1-676D-4BFB-9C37-D30F5009E1CC}.Debug|ARM.Build.0 = Debug|ARM
		{3B5999B1-676D-4BFB-9C37-D30F5009E1CC}.Debug|x64.ActiveCfg = Debug|x64
		{3B5999B1-676D-4BFB-9C37-D30F5009E1CC}.Debug|x64.Build.0 = Debug|x64
		{3B5999B1-676D-4BFB-9C37-D30F5009E1CC}.Debug|x86.ActiveCfg = Debug|Win32
		{3B5999B1-676D-4BFB-9C37-D30F5009E1CC}.Debug|x86.Build.0 = Debug|Win32
		{3B5999B1-676D-4BFB-9C37-D30F5009E1CC}.Release|Any CPU.ActiveCfg = Release|Win32
		{3B5999B1-676D-4BFB-9C37-D30F5009E1CC}.Release|ARM.ActiveCfg = Release|ARM
		{3B5999B1-676D-4BFB-9C37-D30F5009E1CC}.Release|ARM.Build.0 = Release|ARM
		{3B5999B1-676D-4BFB-9C37-D30F5009E1CC}.Release|x64.ActiveCfg = Release|x64
		{3B5999B1-676D-4BFB-9C37-D30F5009E1CC}.Release|x64.Build.0 = Release|x64
		{3B5999B1-676D-4BFB-9C37-D30F5009E1CC}.Release|x86.ActiveCfg = Release|Win32
		{3B5999B1-676D-4BFB-9C37-D30F5009E1CC}.Release|x86.Build.0 = Release|Win32
		{5FC26CB4-94FF-4FDC-A346-FA7A90DA5C5B}.Debug|Any CPU.ActiveCfg = Debug|Win32
		{5FC26CB4-94FF-4FDC-A346-FA7A90DA5C5B}.Debug|ARM.ActiveCfg = Debug|ARM
		{5FC26CB4-94FF-4FDC-A346-FA7A90DA5C5B}.Debug|ARM.Build.0 = Debug|ARM
		{5FC26CB4-94FF-4FDC-A346-FA7A90DA5C5B}.Debug|x64.ActiveCfg = Debug|x64
		{5FC26CB4-94FF-4FDC-A346-FA7A90DA5C5B}.Debug|x64.Build.0 = Debug|x64
		{5FC26CB4-94FF-4FDC-A346-FA7A90DA5C5B}.Debug|x86.ActiveCfg = Debug|Win32
		{5FC26CB4-94FF-4FDC-A346-FA7A90DA5C5B}.Debug|x86.Build.0 = Debug|Win32
		{5FC26CB4-94FF-4FDC-A346-FA7A90DA5C5B}.Release|Any CPU.ActiveCfg = Release|Win32
		{5FC26CB4-94FF-4FDC-A346-FA7A90DA5C5B}.Release|ARM.ActiveCfg = Release|ARM
		{5FC26CB4-94FF-4FDC-A346-FA7A90DA5C5B}.Release|ARM.Build.0 = Release|ARM
		{5FC26CB4-94FF-4FDC-A346-FA7A90DA5C5B}.Release|x64.ActiveCfg = Release|x64
		{5FC26CB4-94FF-4FDC-A346-FA7A90DA5C5B}.Release|x64.Build.0 = Release|x64
		{5FC26CB4-94FF-4FDC-A346-FA7A90DA5C5B}.Release|x86.ActiveCfg = Release|Win32
		{5FC26CB4-94FF-4FDC-A346-FA7A90DA5C5B}.Release|x86.Build.0 = Release|Win32
		{40FB5B5A-DC39-4D88-AD43-4FD4C89BA76C}.Debug|Any CPU.ActiveCfg = Debug|Win32
		{40FB5B5A-DC39-4D88-AD43-4FD4C89BA76C}.Debug|ARM.ActiveCfg = Debug|Win32
		{40FB5B5A-DC39-4D88-AD43-4FD4C89BA76C}.Debug|x64.ActiveCfg = Debug|x64
		{40FB5B5A-DC39-4D88-AD43-4FD4C89BA76C}.Debug|x64.Build.0 = Debug|x64
		{40FB5B5A-DC39-4D88-AD43-4FD4C89BA76C}.Debug|x86.ActiveCfg = Debug|Win32
		{40FB5B5A-DC39-4D88-AD43-4FD4C89BA76C}.Debug|x86.Build.0 = Debug|Win32
		{40FB5B5A-DC39-4D88-AD43-4FD4C89BA76C}.Release|Any CPU.ActiveCfg = Release|Win32
		{40FB5B5A-DC39-4D88-AD43-4FD4C89BA76C}.Release|ARM.ActiveCfg = Release|Win32
		{40FB5B5A-DC39-4D88-AD43-4FD4C89BA76C}.Release|x64.ActiveCfg = Release|x64
		{40FB5B5A-DC39-4D88-AD43-4FD4C89BA76C}.Release|x64.Build.0 = Release|x64
		{40FB5B5A-DC39-4D88-AD43-4FD4C89BA76C}.Release|x86.ActiveCfg = Release|Win32
		{40FB5B5A-DC39-4D88-AD43-4FD4C89BA76C}.Release|x86.Build.0 = Release|Win32
	EndGlobalSection
	GlobalSection(SolutionProperties) = preSolution
		HideSolutionNode = FALSE
	EndGlobalSection
	GlobalSection(NestedProjects) = preSolution
		{5E29BE9F-AEA5-4D37-90E9-CED98B83B86B} = {7F0B8357-4286-4693-B359-C1B96B396623}
		{686E4FB1-A631-45F9-B63A-571AABD1D567} = {7F0B8357-4286-4693-B359-C1B96B396623}
		{ED5AEABC-5F72-45D4-AC8A-04E1F2643B7F} = {40B5ED9C-5BAA-421B-AEB4-93B10AE8B96C}
		{3B5999B1-676D-4BFB-9C37-D30F5009E1CC} = {1441F059-1F2E-4738-BD5B-C6A124D2B0DA}
		{5FC26CB4-94FF-4FDC-A346-FA7A90DA5C5B} = {53F8AA1C-D452-4F4F-A4AA-BCFFE562B093}
		{40FB5B5A-DC39-4D88-AD43-4FD4C89BA76C} = {53F8AA1C-D452-4F4F-A4AA-BCFFE562B093}
	EndGlobalSection
EndGlobal
