
Microsoft Visual Studio Solution File, Format Version 12.00
# Visual Studio Version 17
VisualStudioVersion = 17.0.31903.59
MinimumVisualStudioVersion = 10.0.40219.1
Project("{2150E333-8FDC-42A3-9474-1A3956D46DE8}") = "GoogleCodeJam", "GoogleCodeJam", "{7F0B8357-4286-4693-B359-C1B96B396623}"
EndProject
Project("{8BC9CEB8-8B4A-11D0-8D11-00A0C91BC942}") = "GCJ++", "GoogleCodeJam\GCJ++\GCJ++.vcxproj", "{5E29BE9F-AEA5-4D37-90E9-CED98B83B86B}"
EndProject
Project("{FAE04EC0-301F-11D3-BF4B-00C04F79EFBC}") = "GCJ#", "GoogleCodeJam\GCJ#\GCJ#.csproj", "{686E4FB1-A631-45F9-B63A-571AABD1D567}"
EndProject
Project("{2150E333-8FDC-42A3-9474-1A3956D46DE8}") = "CodinGame", "CodinGame", "{40B5ED9C-5BAA-421B-AEB4-93B10AE8B96C}"
EndProject
Project("{8BC9CEB8-8B4A-11D0-8D11-00A0C91BC942}") = "CG", "CodinGame\CG.vcxproj", "{ED5AEABC-5F72-45D4-AC8A-04E1F2643B7F}"
EndProject
Project("{2150E333-8FDC-42A3-9474-1A3956D46DE8}") = "HackerRank", "HackerRank", "{1441F059-1F2E-4738-BD5B-C6A124D2B0DA}"
EndProject
Project("{8BC9CEB8-8B4A-11D0-8D11-00A0C91BC942}") = "HR", "HackerRank\HR.vcxproj", "{3B5999B1-676D-4BFB-9C37-D30F5009E1CC}"
EndProject
Project("{2150E333-8FDC-42A3-9474-1A3956D46DE8}") = "Libraries", "Libraries", "{53F8AA1C-D452-4F4F-A4AA-BCFFE562B093}"
EndProject
Project("{8BC9CEB8-8B4A-11D0-8D11-00A0C91BC942}") = "Maths", "Libraries\Maths\Maths.vcxproj", "{5FC26CB4-94FF-4FDC-A346-FA7A90DA5C5B}"
EndProject
Project("{8BC9CEB8-8B4A-11D0-8D11-00A0C91BC942}") = "Data", "Libraries\Data\Data.vcxproj", "{40FB5B5A-DC39-4D88-AD43-4FD4C89BA76C}"
EndProject
Project("{9A19103F-16F7-4668-BE54-9A1E7A4F7556}") = "CoperAlgoLib", "CoperAlgoLib\CoperAlgoLib.csproj", "{FC6E7B46-05DE-4A41-BED7-DF14CF1B7F7D}"
EndProject
Project("{2150E333-8FDC-42A3-9474-1A3956D46DE8}") = "AdventOfCode", "AdventOfCode", "{716A8F08-5759-4831-9AC3-859D9B615A9A}"
EndProject
Project("{9A19103F-16F7-4668-BE54-9A1E7A4F7556}") = "Launcher", "AdventOfCode\Launcher\Launcher.csproj", "{DF6D5D18-07BC-477A-B1B1-B9C3EC58DBA1}"
EndProject
Project("{9A19103F-16F7-4668-BE54-9A1E7A4F7556}") = "Common", "AdventOfCode\Common\Common.csproj", "{BC1DBB83-AD42-4A09-A68D-D06210A319CD}"
EndProject
Project("{9A19103F-16F7-4668-BE54-9A1E7A4F7556}") = "2015", "AdventOfCode\2015\2015.csproj", "{7DD815ED-B5E5-4762-B3A4-279839BBE571}"
EndProject
Project("{9A19103F-16F7-4668-BE54-9A1E7A4F7556}") = "2016", "AdventOfCode\2016\2016.csproj", "{03B63177-B820-4564-924D-6BA4091D6A44}"
EndProject
Project("{9A19103F-16F7-4668-BE54-9A1E7A4F7556}") = "2017", "AdventOfCode\2017\2017.csproj", "{DF697142-9B7E-47AF-91C9-02F4036FE53F}"
EndProject
Project("{9A19103F-16F7-4668-BE54-9A1E7A4F7556}") = "2021", "AdventOfCode\2021\2021.csproj", "{FEDF5AB3-3827-4A09-9D63-2931F0FA1F6A}"
EndProject
Project("{2150E333-8FDC-42A3-9474-1A3956D46DE8}") = "HackerCup", "HackerCup", "{AE484B8D-0A81-4A4F-8C49-6A82CF7B3989}"
EndProject
Project("{9A19103F-16F7-4668-BE54-9A1E7A4F7556}") = "2017", "HackerCup\2017\2017.csproj", "{112D44EB-9A65-4074-8DBE-03E0181CB270}"
EndProject
Project("{9A19103F-16F7-4668-BE54-9A1E7A4F7556}") = "2021", "HackerCup\2021\2021.csproj", "{D24240FE-5BD1-4DEE-B1AD-CC73F5549A78}"
EndProject
Project("{9A19103F-16F7-4668-BE54-9A1E7A4F7556}") = "Launcher", "HackerCup\Launcher\Launcher.csproj", "{6AEF68CC-154A-4BDC-92FF-0D8620C230F0}"
EndProject
Global
	GlobalSection(SolutionConfigurationPlatforms) = preSolution
		Debug|Any CPU = Debug|Any CPU
		Debug|ARM = Debug|ARM
		Debug|x64 = Debug|x64
		Debug|x86 = Debug|x86
		Release|Any CPU = Release|Any CPU
		Release|ARM = Release|ARM
		Release|x64 = Release|x64
		Release|x86 = Release|x86
	EndGlobalSection
	GlobalSection(ProjectConfigurationPlatforms) = postSolution
		{5E29BE9F-AEA5-4D37-90E9-CED98B83B86B}.Debug|Any CPU.ActiveCfg = Debug|Win32
		{5E29BE9F-AEA5-4D37-90E9-CED98B83B86B}.Debug|ARM.ActiveCfg = Debug|ARM
		{5E29BE9F-AEA5-4D37-90E9-CED98B83B86B}.Debug|ARM.Build.0 = Debug|ARM
		{5E29BE9F-AEA5-4D37-90E9-CED98B83B86B}.Debug|x64.ActiveCfg = Debug|x64
		{5E29BE9F-AEA5-4D37-90E9-CED98B83B86B}.Debug|x64.Build.0 = Debug|x64
		{5E29BE9F-AEA5-4D37-90E9-CED98B83B86B}.Debug|x86.ActiveCfg = Debug|Win32
		{5E29BE9F-AEA5-4D37-90E9-CED98B83B86B}.Debug|x86.Build.0 = Debug|Win32
		{5E29BE9F-AEA5-4D37-90E9-CED98B83B86B}.Release|Any CPU.ActiveCfg = Release|Win32
		{5E29BE9F-AEA5-4D37-90E9-CED98B83B86B}.Release|ARM.ActiveCfg = Release|ARM
		{5E29BE9F-AEA5-4D37-90E9-CED98B83B86B}.Release|ARM.Build.0 = Release|ARM
		{5E29BE9F-AEA5-4D37-90E9-CED98B83B86B}.Release|x64.ActiveCfg = Release|x64
		{5E29BE9F-AEA5-4D37-90E9-CED98B83B86B}.Release|x64.Build.0 = Release|x64
		{5E29BE9F-AEA5-4D37-90E9-CED98B83B86B}.Release|x86.ActiveCfg = Release|Win32
		{5E29BE9F-AEA5-4D37-90E9-CED98B83B86B}.Release|x86.Build.0 = Release|Win32
		{686E4FB1-A631-45F9-B63A-571AABD1D567}.Debug|Any CPU.ActiveCfg = Debug|Any CPU
		{686E4FB1-A631-45F9-B63A-571AABD1D567}.Debug|Any CPU.Build.0 = Debug|Any CPU
		{686E4FB1-A631-45F9-B63A-571AABD1D567}.Debug|ARM.ActiveCfg = Debug|Any CPU
		{686E4FB1-A631-45F9-B63A-571AABD1D567}.Debug|ARM.Build.0 = Debug|Any CPU
		{686E4FB1-A631-45F9-B63A-571AABD1D567}.Debug|x64.ActiveCfg = Debug|Any CPU
		{686E4FB1-A631-45F9-B63A-571AABD1D567}.Debug|x64.Build.0 = Debug|Any CPU
		{686E4FB1-A631-45F9-B63A-571AABD1D567}.Debug|x86.ActiveCfg = Debug|Any CPU
		{686E4FB1-A631-45F9-B63A-571AABD1D567}.Debug|x86.Build.0 = Debug|Any CPU
		{686E4FB1-A631-45F9-B63A-571AABD1D567}.Release|Any CPU.ActiveCfg = Release|Any CPU
		{686E4FB1-A631-45F9-B63A-571AABD1D567}.Release|Any CPU.Build.0 = Release|Any CPU
		{686E4FB1-A631-45F9-B63A-571AABD1D567}.Release|ARM.ActiveCfg = Release|Any CPU
		{686E4FB1-A631-45F9-B63A-571AABD1D567}.Release|ARM.Build.0 = Release|Any CPU
		{686E4FB1-A631-45F9-B63A-571AABD1D567}.Release|x64.ActiveCfg = Release|Any CPU
		{686E4FB1-A631-45F9-B63A-571AABD1D567}.Release|x64.Build.0 = Release|Any CPU
		{686E4FB1-A631-45F9-B63A-571AABD1D567}.Release|x86.ActiveCfg = Release|Any CPU
		{686E4FB1-A631-45F9-B63A-571AABD1D567}.Release|x86.Build.0 = Release|Any CPU
		{ED5AEABC-5F72-45D4-AC8A-04E1F2643B7F}.Debug|Any CPU.ActiveCfg = Debug|Win32
		{ED5AEABC-5F72-45D4-AC8A-04E1F2643B7F}.Debug|ARM.ActiveCfg = Debug|ARM
		{ED5AEABC-5F72-45D4-AC8A-04E1F2643B7F}.Debug|ARM.Build.0 = Debug|ARM
		{ED5AEABC-5F72-45D4-AC8A-04E1F2643B7F}.Debug|x64.ActiveCfg = Debug|x64
		{ED5AEABC-5F72-45D4-AC8A-04E1F2643B7F}.Debug|x64.Build.0 = Debug|x64
		{ED5AEABC-5F72-45D4-AC8A-04E1F2643B7F}.Debug|x86.ActiveCfg = Debug|Win32
		{ED5AEABC-5F72-45D4-AC8A-04E1F2643B7F}.Debug|x86.Build.0 = Debug|Win32
		{ED5AEABC-5F72-45D4-AC8A-04E1F2643B7F}.Release|Any CPU.ActiveCfg = Release|Win32
		{ED5AEABC-5F72-45D4-AC8A-04E1F2643B7F}.Release|ARM.ActiveCfg = Release|ARM
		{ED5AEABC-5F72-45D4-AC8A-04E1F2643B7F}.Release|ARM.Build.0 = Release|ARM
		{ED5AEABC-5F72-45D4-AC8A-04E1F2643B7F}.Release|x64.ActiveCfg = Release|x64
		{ED5AEABC-5F72-45D4-AC8A-04E1F2643B7F}.Release|x64.Build.0 = Release|x64
		{ED5AEABC-5F72-45D4-AC8A-04E1F2643B7F}.Release|x86.ActiveCfg = Release|Win32
		{ED5AEABC-5F72-45D4-AC8A-04E1F2643B7F}.Release|x86.Build.0 = Release|Win32
		{3B5999B1-676D-4BFB-9C37-D30F5009E1CC}.Debug|Any CPU.ActiveCfg = Debug|Win32
		{3B5999B1-676D-4BFB-9C37-D30F5009E1CC}.Debug|ARM.ActiveCfg = Debug|ARM
		{3B5999B1-676D-4BFB-9C37-D30F5009E1CC}.Debug|ARM.Build.0 = Debug|ARM
		{3B5999B1-676D-4BFB-9C37-D30F5009E1CC}.Debug|x64.ActiveCfg = Debug|x64
		{3B5999B1-676D-4BFB-9C37-D30F5009E1CC}.Debug|x64.Build.0 = Debug|x64
		{3B5999B1-676D-4BFB-9C37-D30F5009E1CC}.Debug|x86.ActiveCfg = Debug|Win32
		{3B5999B1-676D-4BFB-9C37-D30F5009E1CC}.Debug|x86.Build.0 = Debug|Win32
		{3B5999B1-676D-4BFB-9C37-D30F5009E1CC}.Release|Any CPU.ActiveCfg = Release|Win32
		{3B5999B1-676D-4BFB-9C37-D30F5009E1CC}.Release|ARM.ActiveCfg = Release|ARM
		{3B5999B1-676D-4BFB-9C37-D30F5009E1CC}.Release|ARM.Build.0 = Release|ARM
		{3B5999B1-676D-4BFB-9C37-D30F5009E1CC}.Release|x64.ActiveCfg = Release|x64
		{3B5999B1-676D-4BFB-9C37-D30F5009E1CC}.Release|x64.Build.0 = Release|x64
		{3B5999B1-676D-4BFB-9C37-D30F5009E1CC}.Release|x86.ActiveCfg = Release|Win32
		{3B5999B1-676D-4BFB-9C37-D30F5009E1CC}.Release|x86.Build.0 = Release|Win32
		{5FC26CB4-94FF-4FDC-A346-FA7A90DA5C5B}.Debug|Any CPU.ActiveCfg = Debug|Win32
		{5FC26CB4-94FF-4FDC-A346-FA7A90DA5C5B}.Debug|ARM.ActiveCfg = Debug|ARM
		{5FC26CB4-94FF-4FDC-A346-FA7A90DA5C5B}.Debug|ARM.Build.0 = Debug|ARM
		{5FC26CB4-94FF-4FDC-A346-FA7A90DA5C5B}.Debug|x64.ActiveCfg = Debug|x64
		{5FC26CB4-94FF-4FDC-A346-FA7A90DA5C5B}.Debug|x64.Build.0 = Debug|x64
		{5FC26CB4-94FF-4FDC-A346-FA7A90DA5C5B}.Debug|x86.ActiveCfg = Debug|Win32
		{5FC26CB4-94FF-4FDC-A346-FA7A90DA5C5B}.Debug|x86.Build.0 = Debug|Win32
		{5FC26CB4-94FF-4FDC-A346-FA7A90DA5C5B}.Release|Any CPU.ActiveCfg = Release|Win32
		{5FC26CB4-94FF-4FDC-A346-FA7A90DA5C5B}.Release|ARM.ActiveCfg = Release|ARM
		{5FC26CB4-94FF-4FDC-A346-FA7A90DA5C5B}.Release|ARM.Build.0 = Release|ARM
		{5FC26CB4-94FF-4FDC-A346-FA7A90DA5C5B}.Release|x64.ActiveCfg = Release|x64
		{5FC26CB4-94FF-4FDC-A346-FA7A90DA5C5B}.Release|x64.Build.0 = Release|x64
		{5FC26CB4-94FF-4FDC-A346-FA7A90DA5C5B}.Release|x86.ActiveCfg = Release|Win32
		{5FC26CB4-94FF-4FDC-A346-FA7A90DA5C5B}.Release|x86.Build.0 = Release|Win32
		{40FB5B5A-DC39-4D88-AD43-4FD4C89BA76C}.Debug|Any CPU.ActiveCfg = Debug|Win32
		{40FB5B5A-DC39-4D88-AD43-4FD4C89BA76C}.Debug|ARM.ActiveCfg = Debug|Win32
		{40FB5B5A-DC39-4D88-AD43-4FD4C89BA76C}.Debug|x64.ActiveCfg = Debug|x64
		{40FB5B5A-DC39-4D88-AD43-4FD4C89BA76C}.Debug|x64.Build.0 = Debug|x64
		{40FB5B5A-DC39-4D88-AD43-4FD4C89BA76C}.Debug|x86.ActiveCfg = Debug|Win32
		{40FB5B5A-DC39-4D88-AD43-4FD4C89BA76C}.Debug|x86.Build.0 = Debug|Win32
		{40FB5B5A-DC39-4D88-AD43-4FD4C89BA76C}.Release|Any CPU.ActiveCfg = Release|Win32
		{40FB5B5A-DC39-4D88-AD43-4FD4C89BA76C}.Release|ARM.ActiveCfg = Release|Win32
		{40FB5B5A-DC39-4D88-AD43-4FD4C89BA76C}.Release|x64.ActiveCfg = Release|x64
		{40FB5B5A-DC39-4D88-AD43-4FD4C89BA76C}.Release|x64.Build.0 = Release|x64
		{40FB5B5A-DC39-4D88-AD43-4FD4C89BA76C}.Release|x86.ActiveCfg = Release|Win32
		{40FB5B5A-DC39-4D88-AD43-4FD4C89BA76C}.Release|x86.Build.0 = Release|Win32
		{FC6E7B46-05DE-4A41-BED7-DF14CF1B7F7D}.Debug|Any CPU.ActiveCfg = Debug|Any CPU
		{FC6E7B46-05DE-4A41-BED7-DF14CF1B7F7D}.Debug|Any CPU.Build.0 = Debug|Any CPU
		{FC6E7B46-05DE-4A41-BED7-DF14CF1B7F7D}.Debug|ARM.ActiveCfg = Debug|Any CPU
		{FC6E7B46-05DE-4A41-BED7-DF14CF1B7F7D}.Debug|ARM.Build.0 = Debug|Any CPU
		{FC6E7B46-05DE-4A41-BED7-DF14CF1B7F7D}.Debug|x64.ActiveCfg = Debug|Any CPU
		{FC6E7B46-05DE-4A41-BED7-DF14CF1B7F7D}.Debug|x64.Build.0 = Debug|Any CPU
		{FC6E7B46-05DE-4A41-BED7-DF14CF1B7F7D}.Debug|x86.ActiveCfg = Debug|Any CPU
		{FC6E7B46-05DE-4A41-BED7-DF14CF1B7F7D}.Debug|x86.Build.0 = Debug|Any CPU
		{FC6E7B46-05DE-4A41-BED7-DF14CF1B7F7D}.Release|Any CPU.ActiveCfg = Release|Any CPU
		{FC6E7B46-05DE-4A41-BED7-DF14CF1B7F7D}.Release|Any CPU.Build.0 = Release|Any CPU
		{FC6E7B46-05DE-4A41-BED7-DF14CF1B7F7D}.Release|ARM.ActiveCfg = Release|Any CPU
		{FC6E7B46-05DE-4A41-BED7-DF14CF1B7F7D}.Release|ARM.Build.0 = Release|Any CPU
		{FC6E7B46-05DE-4A41-BED7-DF14CF1B7F7D}.Release|x64.ActiveCfg = Release|Any CPU
		{FC6E7B46-05DE-4A41-BED7-DF14CF1B7F7D}.Release|x64.Build.0 = Release|Any CPU
		{FC6E7B46-05DE-4A41-BED7-DF14CF1B7F7D}.Release|x86.ActiveCfg = Release|Any CPU
		{FC6E7B46-05DE-4A41-BED7-DF14CF1B7F7D}.Release|x86.Build.0 = Release|Any CPU
		{DF6D5D18-07BC-477A-B1B1-B9C3EC58DBA1}.Debug|Any CPU.ActiveCfg = Debug|Any CPU
		{DF6D5D18-07BC-477A-B1B1-B9C3EC58DBA1}.Debug|Any CPU.Build.0 = Debug|Any CPU
		{DF6D5D18-07BC-477A-B1B1-B9C3EC58DBA1}.Debug|ARM.ActiveCfg = Debug|Any CPU
		{DF6D5D18-07BC-477A-B1B1-B9C3EC58DBA1}.Debug|ARM.Build.0 = Debug|Any CPU
		{DF6D5D18-07BC-477A-B1B1-B9C3EC58DBA1}.Debug|x64.ActiveCfg = Debug|Any CPU
		{DF6D5D18-07BC-477A-B1B1-B9C3EC58DBA1}.Debug|x64.Build.0 = Debug|Any CPU
		{DF6D5D18-07BC-477A-B1B1-B9C3EC58DBA1}.Debug|x86.ActiveCfg = Debug|Any CPU
		{DF6D5D18-07BC-477A-B1B1-B9C3EC58DBA1}.Debug|x86.Build.0 = Debug|Any CPU
		{DF6D5D18-07BC-477A-B1B1-B9C3EC58DBA1}.Release|Any CPU.ActiveCfg = Release|Any CPU
		{DF6D5D18-07BC-477A-B1B1-B9C3EC58DBA1}.Release|Any CPU.Build.0 = Release|Any CPU
		{DF6D5D18-07BC-477A-B1B1-B9C3EC58DBA1}.Release|ARM.ActiveCfg = Release|Any CPU
		{DF6D5D18-07BC-477A-B1B1-B9C3EC58DBA1}.Release|ARM.Build.0 = Release|Any CPU
		{DF6D5D18-07BC-477A-B1B1-B9C3EC58DBA1}.Release|x64.ActiveCfg = Release|Any CPU
		{DF6D5D18-07BC-477A-B1B1-B9C3EC58DBA1}.Release|x64.Build.0 = Release|Any CPU
		{DF6D5D18-07BC-477A-B1B1-B9C3EC58DBA1}.Release|x86.ActiveCfg = Release|Any CPU
		{DF6D5D18-07BC-477A-B1B1-B9C3EC58DBA1}.Release|x86.Build.0 = Release|Any CPU
		{BC1DBB83-AD42-4A09-A68D-D06210A319CD}.Debug|Any CPU.ActiveCfg = Debug|Any CPU
		{BC1DBB83-AD42-4A09-A68D-D06210A319CD}.Debug|Any CPU.Build.0 = Debug|Any CPU
		{BC1DBB83-AD42-4A09-A68D-D06210A319CD}.Debug|ARM.ActiveCfg = Debug|Any CPU
		{BC1DBB83-AD42-4A09-A68D-D06210A319CD}.Debug|ARM.Build.0 = Debug|Any CPU
		{BC1DBB83-AD42-4A09-A68D-D06210A319CD}.Debug|x64.ActiveCfg = Debug|Any CPU
		{BC1DBB83-AD42-4A09-A68D-D06210A319CD}.Debug|x64.Build.0 = Debug|Any CPU
		{BC1DBB83-AD42-4A09-A68D-D06210A319CD}.Debug|x86.ActiveCfg = Debug|Any CPU
		{BC1DBB83-AD42-4A09-A68D-D06210A319CD}.Debug|x86.Build.0 = Debug|Any CPU
		{BC1DBB83-AD42-4A09-A68D-D06210A319CD}.Release|Any CPU.ActiveCfg = Release|Any CPU
		{BC1DBB83-AD42-4A09-A68D-D06210A319CD}.Release|Any CPU.Build.0 = Release|Any CPU
		{BC1DBB83-AD42-4A09-A68D-D06210A319CD}.Release|ARM.ActiveCfg = Release|Any CPU
		{BC1DBB83-AD42-4A09-A68D-D06210A319CD}.Release|ARM.Build.0 = Release|Any CPU
		{BC1DBB83-AD42-4A09-A68D-D06210A319CD}.Release|x64.ActiveCfg = Release|Any CPU
		{BC1DBB83-AD42-4A09-A68D-D06210A319CD}.Release|x64.Build.0 = Release|Any CPU
		{BC1DBB83-AD42-4A09-A68D-D06210A319CD}.Release|x86.ActiveCfg = Release|Any CPU
		{BC1DBB83-AD42-4A09-A68D-D06210A319CD}.Release|x86.Build.0 = Release|Any CPU
		{7DD815ED-B5E5-4762-B3A4-279839BBE571}.Debug|Any CPU.ActiveCfg = Debug|Any CPU
		{7DD815ED-B5E5-4762-B3A4-279839BBE571}.Debug|Any CPU.Build.0 = Debug|Any CPU
		{7DD815ED-B5E5-4762-B3A4-279839BBE571}.Debug|ARM.ActiveCfg = Debug|Any CPU
		{7DD815ED-B5E5-4762-B3A4-279839BBE571}.Debug|ARM.Build.0 = Debug|Any CPU
		{7DD815ED-B5E5-4762-B3A4-279839BBE571}.Debug|x64.ActiveCfg = Debug|Any CPU
		{7DD815ED-B5E5-4762-B3A4-279839BBE571}.Debug|x64.Build.0 = Debug|Any CPU
		{7DD815ED-B5E5-4762-B3A4-279839BBE571}.Debug|x86.ActiveCfg = Debug|Any CPU
		{7DD815ED-B5E5-4762-B3A4-279839BBE571}.Debug|x86.Build.0 = Debug|Any CPU
		{7DD815ED-B5E5-4762-B3A4-279839BBE571}.Release|Any CPU.ActiveCfg = Release|Any CPU
		{7DD815ED-B5E5-4762-B3A4-279839BBE571}.Release|Any CPU.Build.0 = Release|Any CPU
		{7DD815ED-B5E5-4762-B3A4-279839BBE571}.Release|ARM.ActiveCfg = Release|Any CPU
		{7DD815ED-B5E5-4762-B3A4-279839BBE571}.Release|ARM.Build.0 = Release|Any CPU
		{7DD815ED-B5E5-4762-B3A4-279839BBE571}.Release|x64.ActiveCfg = Release|Any CPU
		{7DD815ED-B5E5-4762-B3A4-279839BBE571}.Release|x64.Build.0 = Release|Any CPU
		{7DD815ED-B5E5-4762-B3A4-279839BBE571}.Release|x86.ActiveCfg = Release|Any CPU
		{7DD815ED-B5E5-4762-B3A4-279839BBE571}.Release|x86.Build.0 = Release|Any CPU
		{03B63177-B820-4564-924D-6BA4091D6A44}.Debug|Any CPU.ActiveCfg = Debug|Any CPU
		{03B63177-B820-4564-924D-6BA4091D6A44}.Debug|Any CPU.Build.0 = Debug|Any CPU
		{03B63177-B820-4564-924D-6BA4091D6A44}.Debug|ARM.ActiveCfg = Debug|Any CPU
		{03B63177-B820-4564-924D-6BA4091D6A44}.Debug|ARM.Build.0 = Debug|Any CPU
		{03B63177-B820-4564-924D-6BA4091D6A44}.Debug|x64.ActiveCfg = Debug|Any CPU
		{03B63177-B820-4564-924D-6BA4091D6A44}.Debug|x64.Build.0 = Debug|Any CPU
		{03B63177-B820-4564-924D-6BA4091D6A44}.Debug|x86.ActiveCfg = Debug|Any CPU
		{03B63177-B820-4564-924D-6BA4091D6A44}.Debug|x86.Build.0 = Debug|Any CPU
		{03B63177-B820-4564-924D-6BA4091D6A44}.Release|Any CPU.ActiveCfg = Release|Any CPU
		{03B63177-B820-4564-924D-6BA4091D6A44}.Release|Any CPU.Build.0 = Release|Any CPU
		{03B63177-B820-4564-924D-6BA4091D6A44}.Release|ARM.ActiveCfg = Release|Any CPU
		{03B63177-B820-4564-924D-6BA4091D6A44}.Release|ARM.Build.0 = Release|Any CPU
		{03B63177-B820-4564-924D-6BA4091D6A44}.Release|x64.ActiveCfg = Release|Any CPU
		{03B63177-B820-4564-924D-6BA4091D6A44}.Release|x64.Build.0 = Release|Any CPU
		{03B63177-B820-4564-924D-6BA4091D6A44}.Release|x86.ActiveCfg = Release|Any CPU
		{03B63177-B820-4564-924D-6BA4091D6A44}.Release|x86.Build.0 = Release|Any CPU
		{DF697142-9B7E-47AF-91C9-02F4036FE53F}.Debug|Any CPU.ActiveCfg = Debug|Any CPU
		{DF697142-9B7E-47AF-91C9-02F4036FE53F}.Debug|Any CPU.Build.0 = Debug|Any CPU
		{DF697142-9B7E-47AF-91C9-02F4036FE53F}.Debug|ARM.ActiveCfg = Debug|Any CPU
		{DF697142-9B7E-47AF-91C9-02F4036FE53F}.Debug|ARM.Build.0 = Debug|Any CPU
		{DF697142-9B7E-47AF-91C9-02F4036FE53F}.Debug|x64.ActiveCfg = Debug|Any CPU
		{DF697142-9B7E-47AF-91C9-02F4036FE53F}.Debug|x64.Build.0 = Debug|Any CPU
		{DF697142-9B7E-47AF-91C9-02F4036FE53F}.Debug|x86.ActiveCfg = Debug|Any CPU
		{DF697142-9B7E-47AF-91C9-02F4036FE53F}.Debug|x86.Build.0 = Debug|Any CPU
		{DF697142-9B7E-47AF-91C9-02F4036FE53F}.Release|Any CPU.ActiveCfg = Release|Any CPU
		{DF697142-9B7E-47AF-91C9-02F4036FE53F}.Release|Any CPU.Build.0 = Release|Any CPU
		{DF697142-9B7E-47AF-91C9-02F4036FE53F}.Release|ARM.ActiveCfg = Release|Any CPU
		{DF697142-9B7E-47AF-91C9-02F4036FE53F}.Release|ARM.Build.0 = Release|Any CPU
		{DF697142-9B7E-47AF-91C9-02F4036FE53F}.Release|x64.ActiveCfg = Release|Any CPU
		{DF697142-9B7E-47AF-91C9-02F4036FE53F}.Release|x64.Build.0 = Release|Any CPU
		{DF697142-9B7E-47AF-91C9-02F4036FE53F}.Release|x86.ActiveCfg = Release|Any CPU
		{DF697142-9B7E-47AF-91C9-02F4036FE53F}.Release|x86.Build.0 = Release|Any CPU
		{FEDF5AB3-3827-4A09-9D63-2931F0FA1F6A}.Debug|Any CPU.ActiveCfg = Debug|Any CPU
		{FEDF5AB3-3827-4A09-9D63-2931F0FA1F6A}.Debug|Any CPU.Build.0 = Debug|Any CPU
		{FEDF5AB3-3827-4A09-9D63-2931F0FA1F6A}.Debug|ARM.ActiveCfg = Debug|Any CPU
		{FEDF5AB3-3827-4A09-9D63-2931F0FA1F6A}.Debug|ARM.Build.0 = Debug|Any CPU
		{FEDF5AB3-3827-4A09-9D63-2931F0FA1F6A}.Debug|x64.ActiveCfg = Debug|Any CPU
		{FEDF5AB3-3827-4A09-9D63-2931F0FA1F6A}.Debug|x64.Build.0 = Debug|Any CPU
		{FEDF5AB3-3827-4A09-9D63-2931F0FA1F6A}.Debug|x86.ActiveCfg = Debug|Any CPU
		{FEDF5AB3-3827-4A09-9D63-2931F0FA1F6A}.Debug|x86.Build.0 = Debug|Any CPU
		{FEDF5AB3-3827-4A09-9D63-2931F0FA1F6A}.Release|Any CPU.ActiveCfg = Release|Any CPU
		{FEDF5AB3-3827-4A09-9D63-2931F0FA1F6A}.Release|Any CPU.Build.0 = Release|Any CPU
		{FEDF5AB3-3827-4A09-9D63-2931F0FA1F6A}.Release|ARM.ActiveCfg = Release|Any CPU
		{FEDF5AB3-3827-4A09-9D63-2931F0FA1F6A}.Release|ARM.Build.0 = Release|Any CPU
		{FEDF5AB3-3827-4A09-9D63-2931F0FA1F6A}.Release|x64.ActiveCfg = Release|Any CPU
		{FEDF5AB3-3827-4A09-9D63-2931F0FA1F6A}.Release|x64.Build.0 = Release|Any CPU
		{FEDF5AB3-3827-4A09-9D63-2931F0FA1F6A}.Release|x86.ActiveCfg = Release|Any CPU
		{FEDF5AB3-3827-4A09-9D63-2931F0FA1F6A}.Release|x86.Build.0 = Release|Any CPU
		{112D44EB-9A65-4074-8DBE-03E0181CB270}.Debug|Any CPU.ActiveCfg = Debug|Any CPU
		{112D44EB-9A65-4074-8DBE-03E0181CB270}.Debug|Any CPU.Build.0 = Debug|Any CPU
		{112D44EB-9A65-4074-8DBE-03E0181CB270}.Debug|ARM.ActiveCfg = Debug|Any CPU
		{112D44EB-9A65-4074-8DBE-03E0181CB270}.Debug|ARM.Build.0 = Debug|Any CPU
		{112D44EB-9A65-4074-8DBE-03E0181CB270}.Debug|x64.ActiveCfg = Debug|Any CPU
		{112D44EB-9A65-4074-8DBE-03E0181CB270}.Debug|x64.Build.0 = Debug|Any CPU
		{112D44EB-9A65-4074-8DBE-03E0181CB270}.Debug|x86.ActiveCfg = Debug|Any CPU
		{112D44EB-9A65-4074-8DBE-03E0181CB270}.Debug|x86.Build.0 = Debug|Any CPU
		{112D44EB-9A65-4074-8DBE-03E0181CB270}.Release|Any CPU.ActiveCfg = Release|Any CPU
		{112D44EB-9A65-4074-8DBE-03E0181CB270}.Release|Any CPU.Build.0 = Release|Any CPU
		{112D44EB-9A65-4074-8DBE-03E0181CB270}.Release|ARM.ActiveCfg = Release|Any CPU
		{112D44EB-9A65-4074-8DBE-03E0181CB270}.Release|ARM.Build.0 = Release|Any CPU
		{112D44EB-9A65-4074-8DBE-03E0181CB270}.Release|x64.ActiveCfg = Release|Any CPU
		{112D44EB-9A65-4074-8DBE-03E0181CB270}.Release|x64.Build.0 = Release|Any CPU
		{112D44EB-9A65-4074-8DBE-03E0181CB270}.Release|x86.ActiveCfg = Release|Any CPU
		{112D44EB-9A65-4074-8DBE-03E0181CB270}.Release|x86.Build.0 = Release|Any CPU
		{D24240FE-5BD1-4DEE-B1AD-CC73F5549A78}.Debug|Any CPU.ActiveCfg = Debug|Any CPU
		{D24240FE-5BD1-4DEE-B1AD-CC73F5549A78}.Debug|Any CPU.Build.0 = Debug|Any CPU
		{D24240FE-5BD1-4DEE-B1AD-CC73F5549A78}.Debug|ARM.ActiveCfg = Debug|Any CPU
		{D24240FE-5BD1-4DEE-B1AD-CC73F5549A78}.Debug|ARM.Build.0 = Debug|Any CPU
		{D24240FE-5BD1-4DEE-B1AD-CC73F5549A78}.Debug|x64.ActiveCfg = Debug|Any CPU
		{D24240FE-5BD1-4DEE-B1AD-CC73F5549A78}.Debug|x64.Build.0 = Debug|Any CPU
		{D24240FE-5BD1-4DEE-B1AD-CC73F5549A78}.Debug|x86.ActiveCfg = Debug|Any CPU
		{D24240FE-5BD1-4DEE-B1AD-CC73F5549A78}.Debug|x86.Build.0 = Debug|Any CPU
		{D24240FE-5BD1-4DEE-B1AD-CC73F5549A78}.Release|Any CPU.ActiveCfg = Release|Any CPU
		{D24240FE-5BD1-4DEE-B1AD-CC73F5549A78}.Release|Any CPU.Build.0 = Release|Any CPU
		{D24240FE-5BD1-4DEE-B1AD-CC73F5549A78}.Release|ARM.ActiveCfg = Release|Any CPU
		{D24240FE-5BD1-4DEE-B1AD-CC73F5549A78}.Release|ARM.Build.0 = Release|Any CPU
		{D24240FE-5BD1-4DEE-B1AD-CC73F5549A78}.Release|x64.ActiveCfg = Release|Any CPU
		{D24240FE-5BD1-4DEE-B1AD-CC73F5549A78}.Release|x64.Build.0 = Release|Any CPU
		{D24240FE-5BD1-4DEE-B1AD-CC73F5549A78}.Release|x86.ActiveCfg = Release|Any CPU
		{D24240FE-5BD1-4DEE-B1AD-CC73F5549A78}.Release|x86.Build.0 = Release|Any CPU
		{6AEF68CC-154A-4BDC-92FF-0D8620C230F0}.Debug|Any CPU.ActiveCfg = Debug|Any CPU
		{6AEF68CC-154A-4BDC-92FF-0D8620C230F0}.Debug|Any CPU.Build.0 = Debug|Any CPU
		{6AEF68CC-154A-4BDC-92FF-0D8620C230F0}.Debug|ARM.ActiveCfg = Debug|Any CPU
		{6AEF68CC-154A-4BDC-92FF-0D8620C230F0}.Debug|ARM.Build.0 = Debug|Any CPU
		{6AEF68CC-154A-4BDC-92FF-0D8620C230F0}.Debug|x64.ActiveCfg = Debug|Any CPU
		{6AEF68CC-154A-4BDC-92FF-0D8620C230F0}.Debug|x64.Build.0 = Debug|Any CPU
		{6AEF68CC-154A-4BDC-92FF-0D8620C230F0}.Debug|x86.ActiveCfg = Debug|Any CPU
		{6AEF68CC-154A-4BDC-92FF-0D8620C230F0}.Debug|x86.Build.0 = Debug|Any CPU
		{6AEF68CC-154A-4BDC-92FF-0D8620C230F0}.Release|Any CPU.ActiveCfg = Release|Any CPU
		{6AEF68CC-154A-4BDC-92FF-0D8620C230F0}.Release|Any CPU.Build.0 = Release|Any CPU
		{6AEF68CC-154A-4BDC-92FF-0D8620C230F0}.Release|ARM.ActiveCfg = Release|Any CPU
		{6AEF68CC-154A-4BDC-92FF-0D8620C230F0}.Release|ARM.Build.0 = Release|Any CPU
		{6AEF68CC-154A-4BDC-92FF-0D8620C230F0}.Release|x64.ActiveCfg = Release|Any CPU
		{6AEF68CC-154A-4BDC-92FF-0D8620C230F0}.Release|x64.Build.0 = Release|Any CPU
		{6AEF68CC-154A-4BDC-92FF-0D8620C230F0}.Release|x86.ActiveCfg = Release|Any CPU
		{6AEF68CC-154A-4BDC-92FF-0D8620C230F0}.Release|x86.Build.0 = Release|Any CPU
	EndGlobalSection
	GlobalSection(SolutionProperties) = preSolution
		HideSolutionNode = FALSE
	EndGlobalSection
	GlobalSection(NestedProjects) = preSolution
		{5E29BE9F-AEA5-4D37-90E9-CED98B83B86B} = {7F0B8357-4286-4693-B359-C1B96B396623}
		{686E4FB1-A631-45F9-B63A-571AABD1D567} = {7F0B8357-4286-4693-B359-C1B96B396623}
		{ED5AEABC-5F72-45D4-AC8A-04E1F2643B7F} = {40B5ED9C-5BAA-421B-AEB4-93B10AE8B96C}
		{3B5999B1-676D-4BFB-9C37-D30F5009E1CC} = {1441F059-1F2E-4738-BD5B-C6A124D2B0DA}
		{5FC26CB4-94FF-4FDC-A346-FA7A90DA5C5B} = {53F8AA1C-D452-4F4F-A4AA-BCFFE562B093}
		{40FB5B5A-DC39-4D88-AD43-4FD4C89BA76C} = {53F8AA1C-D452-4F4F-A4AA-BCFFE562B093}
		{FC6E7B46-05DE-4A41-BED7-DF14CF1B7F7D} = {53F8AA1C-D452-4F4F-A4AA-BCFFE562B093}
		{DF6D5D18-07BC-477A-B1B1-B9C3EC58DBA1} = {716A8F08-5759-4831-9AC3-859D9B615A9A}
		{BC1DBB83-AD42-4A09-A68D-D06210A319CD} = {716A8F08-5759-4831-9AC3-859D9B615A9A}
		{7DD815ED-B5E5-4762-B3A4-279839BBE571} = {716A8F08-5759-4831-9AC3-859D9B615A9A}
		{03B63177-B820-4564-924D-6BA4091D6A44} = {716A8F08-5759-4831-9AC3-859D9B615A9A}
		{DF697142-9B7E-47AF-91C9-02F4036FE53F} = {716A8F08-5759-4831-9AC3-859D9B615A9A}
		{FEDF5AB3-3827-4A09-9D63-2931F0FA1F6A} = {716A8F08-5759-4831-9AC3-859D9B615A9A}
		{112D44EB-9A65-4074-8DBE-03E0181CB270} = {AE484B8D-0A81-4A4F-8C49-6A82CF7B3989}
		{D24240FE-5BD1-4DEE-B1AD-CC73F5549A78} = {AE484B8D-0A81-4A4F-8C49-6A82CF7B3989}
		{6AEF68CC-154A-4BDC-92FF-0D8620C230F0} = {AE484B8D-0A81-4A4F-8C49-6A82CF7B3989}
	EndGlobalSection
	GlobalSection(ExtensibilityGlobals) = postSolution
		SolutionGuid = {D69D389D-6A73-4436-9262-B1C07E339F44}
	EndGlobalSection
EndGlobal
