
Microsoft Visual Studio Solution File, Format Version 12.00
# Visual Studio Version 16
VisualStudioVersion = 16.0.31019.35
MinimumVisualStudioVersion = 10.0.40219.1
Project("{FAE04EC0-301F-11D3-BF4B-00C04F79EFBC}") = "Launcher", "Launcher\Launcher.csproj", "{B8232C35-DA30-491D-B4A1-C547D18136A5}"
EndProject
Project("{FAE04EC0-301F-11D3-BF4B-00C04F79EFBC}") = "CoperAlgoLib", "CoperAlgoLib\CoperAlgoLib.csproj", "{CFEB57E4-2118-467D-9EA7-0D8E6001FEBB}"
EndProject
Project("{FAE04EC0-301F-11D3-BF4B-00C04F79EFBC}") = "2017", "2017\2017.csproj", "{0D93A148-DA1C-4331-8EFC-E7C91877E40F}"
EndProject
Project("{FAE04EC0-301F-11D3-BF4B-00C04F79EFBC}") = "2021", "2021\2021.csproj", "{AE839BA1-F9D7-4D13-939F-79EA865B4F79}"
EndProject
Global
	GlobalSection(SolutionConfigurationPlatforms) = preSolution
		Debug|Any CPU = Debug|Any CPU
		Release|Any CPU = Release|Any CPU
	EndGlobalSection
	GlobalSection(ProjectConfigurationPlatforms) = postSolution
		{B8232C35-DA30-491D-B4A1-C547D18136A5}.Debug|Any CPU.ActiveCfg = Debug|Any CPU
		{B8232C35-DA30-491D-B4A1-C547D18136A5}.Debug|Any CPU.Build.0 = Debug|Any CPU
		{B8232C35-DA30-491D-B4A1-C547D18136A5}.Release|Any CPU.ActiveCfg = Release|Any CPU
		{B8232C35-DA30-491D-B4A1-C547D18136A5}.Release|Any CPU.Build.0 = Release|Any CPU
		{CFEB57E4-2118-467D-9EA7-0D8E6001FEBB}.Debug|Any CPU.ActiveCfg = Debug|Any CPU
		{CFEB57E4-2118-467D-9EA7-0D8E6001FEBB}.Debug|Any CPU.Build.0 = Debug|Any CPU
		{CFEB57E4-2118-467D-9EA7-0D8E6001FEBB}.Release|Any CPU.ActiveCfg = Release|Any CPU
		{CFEB57E4-2118-467D-9EA7-0D8E6001FEBB}.Release|Any CPU.Build.0 = Release|Any CPU
		{0D93A148-DA1C-4331-8EFC-E7C91877E40F}.Debug|Any CPU.ActiveCfg = Debug|Any CPU
		{0D93A148-DA1C-4331-8EFC-E7C91877E40F}.Debug|Any CPU.Build.0 = Debug|Any CPU
		{0D93A148-DA1C-4331-8EFC-E7C91877E40F}.Release|Any CPU.ActiveCfg = Release|Any CPU
		{0D93A148-DA1C-4331-8EFC-E7C91877E40F}.Release|Any CPU.Build.0 = Release|Any CPU
		{AE839BA1-F9D7-4D13-939F-79EA865B4F79}.Debug|Any CPU.ActiveCfg = Debug|Any CPU
		{AE839BA1-F9D7-4D13-939F-79EA865B4F79}.Debug|Any CPU.Build.0 = Debug|Any CPU
		{AE839BA1-F9D7-4D13-939F-79EA865B4F79}.Release|Any CPU.ActiveCfg = Release|Any CPU
		{AE839BA1-F9D7-4D13-939F-79EA865B4F79}.Release|Any CPU.Build.0 = Release|Any CPU
	EndGlobalSection
	GlobalSection(SolutionProperties) = preSolution
		HideSolutionNode = FALSE
	EndGlobalSection
	GlobalSection(ExtensibilityGlobals) = postSolution
		SolutionGuid = {84D6B5A9-51E9-490E-A8AF-9CF9FC52BF78}
	EndGlobalSection
EndGlobal
